lockfileVersion: 5.4

specifiers:
  ganache: ^7.5.0

devDependencies:
  ganache: 7.5.0

packages:

  /bufferutil/4.0.5:
    resolution: {integrity: sha512-HTm14iMQKK2FjFLRTM5lAVcyaUzOnqbPtesFIvREgXpJHdQm8bWS+GkQgIkfaBYRHuCnea7w8UVNfwiAQhlr9A==}
    engines: {node: '>=6.14.2'}
    requiresBuild: true
    dependencies:
      node-gyp-build: 4.5.0
    dev: true
    optional: true

  /ganache/7.5.0:
    resolution: {integrity: sha512-afNTJYBEaFrLPRrn7eUxH39TgnrffvHn/4T6THzQrc3rpfe4DOxw2nY2XEQxfsq1t4OqKSXtxomzyo26RZiOzw==}
    hasBin: true
    optionalDependencies:
      bufferutil: 4.0.5
      utf-8-validate: 5.0.7
    dev: true
    bundledDependencies:
      - '@trufflesuite/bigint-buffer'
      - emittery
      - keccak
      - leveldown
      - secp256k1
      - '@types/bn.js'
      - '@types/lru-cache'
      - '@types/seedrandom'

  /node-gyp-build/4.5.0:
    resolution: {integrity: sha512-2iGbaQBV+ITgCz76ZEjmhUKAKVf7xfY1sRl4UiKQspfZMH2h06SyhNsnSVy50cwkFQDGLyif6m/6uFXHkOZ6rg==}
    hasBin: true
    dev: true
    optional: true

  /utf-8-validate/5.0.7:
    resolution: {integrity: sha512-vLt1O5Pp+flcArHGIyKEQq883nBt8nN8tVBcoL0qUXj2XT1n7p70yGIq2VK98I5FdZ1YHc0wk/koOnHjnXWk1Q==}
    engines: {node: '>=6.14.2'}
    requiresBuild: true
    dependencies:
      node-gyp-build: 4.5.0
    dev: true
    optional: true
